
Microsoft Visual Studio Solution File, Format Version 12.00
# Visual Studio Version 17
VisualStudioVersion = 17.9.34728.123
MinimumVisualStudioVersion = 10.0.40219.1
Project("{FAE04EC0-301F-11D3-BF4B-00C04F79EFBC}") = "PartyInvites", "PartyInvites.csproj", "{5E995511-5886-48F7-8709-3A649836D369}"
EndProject
Global
	GlobalSection(SolutionConfigurationPlatforms) = preSolution
		Debug|Any CPU = Debug|Any CPU
		Release|Any CPU = Release|Any CPU
	EndGlobalSection
	GlobalSection(ProjectConfigurationPlatforms) = postSolution
		{5E995511-5886-48F7-8709-3A649836D369}.Debug|Any CPU.ActiveCfg = Debug|Any CPU
		{5E995511-5886-48F7-8709-3A649836D369}.Debug|Any CPU.Build.0 = Debug|Any CPU
		{5E995511-5886-48F7-8709-3A649836D369}.Release|Any CPU.ActiveCfg = Release|Any CPU
		{5E995511-5886-48F7-8709-3A649836D369}.Release|Any CPU.Build.0 = Release|Any CPU
	EndGlobalSection
	GlobalSection(SolutionProperties) = preSolution
		HideSolutionNode = FALSE
	EndGlobalSection
	GlobalSection(ExtensibilityGlobals) = postSolution
		SolutionGuid = {124F3BBB-2F41-4407-9BA4-DD37244099DE}
	EndGlobalSection
EndGlobal
